
Microsoft Visual Studio Solution File, Format Version 12.00
# Visual Studio Version 17
VisualStudioVersion = 17.3.32929.385
MinimumVisualStudioVersion = 10.0.40219.1
Project("{FAE04EC0-301F-11D3-BF4B-00C04F79EFBC}") = "SolarTask", "SolarTask\SolarTask.csproj", "{2C35C6A0-7D22-4523-8128-10C7CAAA5A99}"
EndProject
Global
	GlobalSection(SolutionConfigurationPlatforms) = preSolution
		Debug|Any CPU = Debug|Any CPU
		Release|Any CPU = Release|Any CPU
	EndGlobalSection
	GlobalSection(ProjectConfigurationPlatforms) = postSolution
		{2C35C6A0-7D22-4523-8128-10C7CAAA5A99}.Debug|Any CPU.ActiveCfg = Debug|Any CPU
		{2C35C6A0-7D22-4523-8128-10C7CAAA5A99}.Debug|Any CPU.Build.0 = Debug|Any CPU
		{2C35C6A0-7D22-4523-8128-10C7CAAA5A99}.Release|Any CPU.ActiveCfg = Release|Any CPU
		{2C35C6A0-7D22-4523-8128-10C7CAAA5A99}.Release|Any CPU.Build.0 = Release|Any CPU
	EndGlobalSection
	GlobalSection(SolutionProperties) = preSolution
		HideSolutionNode = FALSE
	EndGlobalSection
	GlobalSection(ExtensibilityGlobals) = postSolution
		SolutionGuid = {12D3FB56-7496-401D-925B-C0BAE40FA8C8}
	EndGlobalSection
EndGlobal
